lockfileVersion: '9.0'

settings:
  autoInstallPeers: true
  excludeLinksFromLockfile: false

importers:

  .:
    dependencies:
      '@ai-sdk/groq':
        specifier: ^2.0.27
        version: 2.0.27(zod@4.1.12)
      '@daydreamsai/cli':
        specifier: ^0.3.22
        version: 0.3.22(typescript@5.9.3)
      '@daydreamsai/core':
        specifier: ^0.3.22
        version: 0.3.22(typescript@5.9.3)
      ai:
        specifier: ^5.0.86
        version: 5.0.86(zod@4.1.12)
      typescript:
        specifier: ^5.9.3
        version: 5.9.3
      zod:
        specifier: ^4.1.12
        version: 4.1.12

packages:

  '@ai-sdk/gateway@1.0.15':
    resolution: {integrity: sha512-xySXoQ29+KbGuGfmDnABx+O6vc7Gj7qugmj1kGpn0rW0rQNn6UKUuvscKMzWyv1Uv05GyC1vqHq8ZhEOLfXscQ==}
    engines: {node: '>=18'}
    peerDependencies:
      zod: ^3.25.76 || ^4

  '@ai-sdk/gateway@2.0.5':
    resolution: {integrity: sha512-5TTDSl0USWY6YGnb4QmJGplFZhk+p9OT7hZevAaER6OGiZ17LB1GypsGYDpNo/MiVMklk8kX4gk6p1/R/EiJ8Q==}
    engines: {node: '>=18'}
    peerDependencies:
      zod: ^3.25.76 || ^4.1.8

  '@ai-sdk/groq@2.0.27':
    resolution: {integrity: sha512-n5Ap/uLIUbBz3DYy4yvkIKoBUj1Bb6jJ7+hVlvveqdvmxSEPXjN47hs4Pj2pwZMAXoILVSTmd8wu24tmekidUA==}
    engines: {node: '>=18'}
    peerDependencies:
      zod: ^3.25.76 || ^4.1.8

  '@ai-sdk/provider-utils@2.2.2':
    resolution: {integrity: sha512-DgjbBseR6e5oRcXOF0LH9owj3eKDfZNMdyHM8HBfcfQg0IVL2KqL1lK40pQynuI3/u72YM+vvbtAZ78PRj6jCA==}
    engines: {node: '>=18'}
    peerDependencies:
      zod: ^3.23.8

  '@ai-sdk/provider-utils@3.0.15':
    resolution: {integrity: sha512-kOc6Pxb7CsRlNt+sLZKL7/VGQUd7ccl3/tIK+Bqf5/QhHR0Qm3qRBMz1IwU1RmjJEZA73x+KB5cUckbDl2WF7Q==}
    engines: {node: '>=18'}
    peerDependencies:
      zod: ^3.25.76 || ^4.1.8

  '@ai-sdk/provider-utils@3.0.7':
    resolution: {integrity: sha512-o3BS5/t8KnBL3ubP8k3w77AByOypLm+pkIL/DCw0qKkhDbvhCy+L3hRTGPikpdb8WHcylAeKsjgwOxhj4cqTUA==}
    engines: {node: '>=18'}
    peerDependencies:
      zod: ^3.25.76 || ^4

  '@ai-sdk/provider@1.1.0':
    resolution: {integrity: sha512-0M+qjp+clUD0R1E5eWQFhxEvWLNaOtGQRUaBn8CUABnSKredagq92hUS9VjOzGsTm37xLfpaxl97AVtbeOsHew==}
    engines: {node: '>=18'}

  '@ai-sdk/provider@2.0.0':
    resolution: {integrity: sha512-6o7Y2SeO9vFKB8lArHXehNuusnpddKPk7xqL7T2/b+OvXMRIXUO1rR4wcv1hAFUAT9avGZshty3Wlua/XA7TvA==}
    engines: {node: '>=18'}

  '@ai-sdk/provider@2.0.0-beta.2':
    resolution: {integrity: sha512-vqhtZA7R24q1XnmfmIb1fZSmHMIaJH1BVQ+0kFnNJgqWsc+V8i+yfetZ37gUc4fXATFmBuS/6O7+RPoHsZ2Fqg==}
    engines: {node: '>=18'}

  '@ai-sdk/ui-utils@1.2.3':
    resolution: {integrity: sha512-vUr+A344eEPeCZhBxuTE83On8bijQYdwbo1nfo9GvCPxfeCo5gy1XCl150je9XUe/WPw/Qvqe1OKjnijj30BBQ==}
    engines: {node: '>=18'}
    peerDependencies:
      zod: ^3.23.8

  '@daydreamsai/cli@0.3.22':
    resolution: {integrity: sha512-Z1eVq8QC6ECss/BIg6LnADipvdusZXxl9d/8zAwp3ohIMlwyY8Ul95U0h3qDRMAFbkgxbHpmbkVAPGJKdHbkww==}
    peerDependencies:
      typescript: 5.9.2

  '@daydreamsai/core@0.3.22':
    resolution: {integrity: sha512-MrJJj6jlhUNBArnbEJ7G7rs/+FToupGeQTf+sUcB3Ep9tLNbx6+ColehyBoEknz1Jl0hFMqnPkhBrRw7zWO6QQ==}
    peerDependencies:
      typescript: 5.9.2

  '@opentelemetry/api@1.9.0':
    resolution: {integrity: sha512-3giAOQvZiH5F9bMlMiv8+GSPMeqg0dbaeo58/0SlA9sxSqZhnUtxzX9/2FzyhS9sWQf5S0GJE0AKBrFqjpeYcg==}
    engines: {node: '>=8.0.0'}

  '@standard-schema/spec@1.0.0':
    resolution: {integrity: sha512-m2bOd0f2RT9k8QJx1JN85cZYyH1RqFBdlwtkSlf4tBDYLCiiZnv1fIIwacK6cqwXavOydf0NPToMQgpKq+dVlA==}

  '@vercel/oidc@3.0.3':
    resolution: {integrity: sha512-yNEQvPcVrK9sIe637+I0jD6leluPxzwJKx/Haw6F4H77CdDsszUn5V3o96LPziXkSNE2B83+Z3mjqGKBK/R6Gg==}
    engines: {node: '>= 20'}

  ai@5.0.30:
    resolution: {integrity: sha512-u7WdsDde9BasP+h8Q64CtU32GFShCYmxVtBa2h5dxM1f0w/AMKwzpmIDI1t3M3ean+L6uBiwOtRs8B2KA+OHgQ==}
    engines: {node: '>=18'}
    peerDependencies:
      zod: ^3.25.76 || ^4

  ai@5.0.86:
    resolution: {integrity: sha512-ooHwNTkLdedFf98iQhtSc5btc/P4UuXuOpYneoifq0190vqosLunNdW8Hs6CiE0Am7YOGNplDK56JIPlHZIL4w==}
    engines: {node: '>=18'}
    peerDependencies:
      zod: ^3.25.76 || ^4.1.8

  dotenv@16.4.7:
    resolution: {integrity: sha512-47qPchRCykZC03FhkYAhrvwU4xDBFIj1QPqaarj6mdM/hgUzfPHcpkHJOn3mJAufFeeAxAzeGsr5X0M4k6fLZQ==}
    engines: {node: '>=12'}

  eventsource-parser@3.0.6:
    resolution: {integrity: sha512-Vo1ab+QXPzZ4tCa8SwIHJFaSzy4R6SHf7BY79rFBDf0idraZWAkYrDjDj8uWaSm3S2TK+hJ7/t1CEmZ7jXw+pg==}
    engines: {node: '>=18.0.0'}

  json-schema@0.4.0:
    resolution: {integrity: sha512-es94M3nTIfsEPisRafak+HDLfHXnKBhV3vU5eqPcS3flIWqcxJWgXHXiey3YrpaNsanY5ei1VoYEbOzijuq9BA==}

  nanoid@3.3.11:
    resolution: {integrity: sha512-N8SpfPUnUp1bK+PMYW8qSWdl9U+wwNWI4QKxOYDy9JAro3WMX7p2OeVRF9v+347pnakNevPmiHhNmZ2HbFA76w==}
    engines: {node: ^10 || ^12 || ^13.7 || ^14 || >=15.0.1}
    hasBin: true

  p-defer@4.0.1:
    resolution: {integrity: sha512-Mr5KC5efvAK5VUptYEIopP1bakB85k2IWXaRC0rsh1uwn1L6M0LVml8OIQ4Gudg4oyZakf7FmeRLkMMtZW1i5A==}
    engines: {node: '>=12'}

  secure-json-parse@2.7.0:
    resolution: {integrity: sha512-6aU+Rwsezw7VR8/nyvKTx8QpWH9FrcYiXXlqC4z5d5XQBDRqtbfsRjnwGyqbi3gddNtWHuEk9OANUotL26qKUw==}

  typescript@5.9.3:
    resolution: {integrity: sha512-jl1vZzPDinLr9eUt3J/t7V6FgNEw9QjvBPdysz9KfQDD41fQrC2Y4vKQdiaUpFT4bXlb1RHhLpp8wtm6M5TgSw==}
    engines: {node: '>=14.17'}
    hasBin: true

  uuid@11.1.0:
    resolution: {integrity: sha512-0/A9rDy9P7cJ+8w1c9WD9V//9Wj15Ce2MPz8Ri6032usz+NfePxx5AcN3bN+r6ZL6jEo066/yNYB3tn4pQEx+A==}
    hasBin: true

  zod-to-json-schema@3.24.6:
    resolution: {integrity: sha512-h/z3PKvcTcTetyjl1fkj79MHNEjm+HpD6NXheWjzOekY7kV+lwDYnHw+ivHkijnCSMz1yJaWBD9vu/Fcmk+vEg==}
    peerDependencies:
      zod: ^3.24.1

  zod@4.1.12:
    resolution: {integrity: sha512-JInaHOamG8pt5+Ey8kGmdcAcg3OL9reK8ltczgHTAwNhMys/6ThXHityHxVV2p3fkw/c+MAvBHFVYHFZDmjMCQ==}

  zod@4.1.5:
    resolution: {integrity: sha512-rcUUZqlLJgBC33IT3PNMgsCq6TzLQEG/Ei/KTCU0PedSWRMAXoOUN+4t/0H+Q8bdnLPdqUYnvboJT0bn/229qg==}

snapshots:

  '@ai-sdk/gateway@1.0.15(zod@4.1.5)':
    dependencies:
      '@ai-sdk/provider': 2.0.0
      '@ai-sdk/provider-utils': 3.0.7(zod@4.1.5)
      zod: 4.1.5

  '@ai-sdk/gateway@2.0.5(zod@4.1.12)':
    dependencies:
      '@ai-sdk/provider': 2.0.0
      '@ai-sdk/provider-utils': 3.0.15(zod@4.1.12)
      '@vercel/oidc': 3.0.3
      zod: 4.1.12

  '@ai-sdk/groq@2.0.27(zod@4.1.12)':
    dependencies:
      '@ai-sdk/provider': 2.0.0
      '@ai-sdk/provider-utils': 3.0.15(zod@4.1.12)
      zod: 4.1.12

  '@ai-sdk/provider-utils@2.2.2(zod@4.1.5)':
    dependencies:
      '@ai-sdk/provider': 1.1.0
      nanoid: 3.3.11
      secure-json-parse: 2.7.0
      zod: 4.1.5

  '@ai-sdk/provider-utils@3.0.15(zod@4.1.12)':
    dependencies:
      '@ai-sdk/provider': 2.0.0
      '@standard-schema/spec': 1.0.0
      eventsource-parser: 3.0.6
      zod: 4.1.12

  '@ai-sdk/provider-utils@3.0.7(zod@4.1.5)':
    dependencies:
      '@ai-sdk/provider': 2.0.0
      '@standard-schema/spec': 1.0.0
      eventsource-parser: 3.0.6
      zod: 4.1.5

  '@ai-sdk/provider@1.1.0':
    dependencies:
      json-schema: 0.4.0

  '@ai-sdk/provider@2.0.0':
    dependencies:
      json-schema: 0.4.0

  '@ai-sdk/provider@2.0.0-beta.2':
    dependencies:
      json-schema: 0.4.0

  '@ai-sdk/ui-utils@1.2.3(zod@4.1.5)':
    dependencies:
      '@ai-sdk/provider': 1.1.0
      '@ai-sdk/provider-utils': 2.2.2(zod@4.1.5)
      zod: 4.1.5
      zod-to-json-schema: 3.24.6(zod@4.1.5)

  '@daydreamsai/cli@0.3.22(typescript@5.9.3)':
    dependencies:
      '@daydreamsai/core': 0.3.22(typescript@5.9.3)
      typescript: 5.9.3
      zod: 4.1.5

  '@daydreamsai/core@0.3.22(typescript@5.9.3)':
    dependencies:
      '@ai-sdk/provider': 2.0.0-beta.2
      '@ai-sdk/ui-utils': 1.2.3(zod@4.1.5)
      ai: 5.0.30(zod@4.1.5)
      dotenv: 16.4.7
      p-defer: 4.0.1
      typescript: 5.9.3
      uuid: 11.1.0
      zod: 4.1.5

  '@opentelemetry/api@1.9.0': {}

  '@standard-schema/spec@1.0.0': {}

  '@vercel/oidc@3.0.3': {}

  ai@5.0.30(zod@4.1.5):
    dependencies:
      '@ai-sdk/gateway': 1.0.15(zod@4.1.5)
      '@ai-sdk/provider': 2.0.0
      '@ai-sdk/provider-utils': 3.0.7(zod@4.1.5)
      '@opentelemetry/api': 1.9.0
      zod: 4.1.5

  ai@5.0.86(zod@4.1.12):
    dependencies:
      '@ai-sdk/gateway': 2.0.5(zod@4.1.12)
      '@ai-sdk/provider': 2.0.0
      '@ai-sdk/provider-utils': 3.0.15(zod@4.1.12)
      '@opentelemetry/api': 1.9.0
      zod: 4.1.12

  dotenv@16.4.7: {}

  eventsource-parser@3.0.6: {}

  json-schema@0.4.0: {}

  nanoid@3.3.11: {}

  p-defer@4.0.1: {}

  secure-json-parse@2.7.0: {}

  typescript@5.9.3: {}

  uuid@11.1.0: {}

  zod-to-json-schema@3.24.6(zod@4.1.5):
    dependencies:
      zod: 4.1.5

  zod@4.1.12: {}

  zod@4.1.5: {}
